
Microsoft Visual Studio Solution File, Format Version 12.00
# Visual Studio 15
VisualStudioVersion = 15.0.28307.136
MinimumVisualStudioVersion = 10.0.40219.1
Project("{FAE04EC0-301F-11D3-BF4B-00C04F79EFBC}") = "Product217", "Product217\Product217.csproj", "{12096951-C65B-4C0C-AEDE-E6BC02947FB9}"
EndProject
Global
	GlobalSection(SolutionConfigurationPlatforms) = preSolution
		Debug|Any CPU = Debug|Any CPU
		Release|Any CPU = Release|Any CPU
	EndGlobalSection
	GlobalSection(ProjectConfigurationPlatforms) = postSolution
		{12096951-C65B-4C0C-AEDE-E6BC02947FB9}.Debug|Any CPU.ActiveCfg = Debug|Any CPU
		{12096951-C65B-4C0C-AEDE-E6BC02947FB9}.Debug|Any CPU.Build.0 = Debug|Any CPU
		{12096951-C65B-4C0C-AEDE-E6BC02947FB9}.Release|Any CPU.ActiveCfg = Release|Any CPU
		{12096951-C65B-4C0C-AEDE-E6BC02947FB9}.Release|Any CPU.Build.0 = Release|Any CPU
	EndGlobalSection
	GlobalSection(SolutionProperties) = preSolution
		HideSolutionNode = FALSE
	EndGlobalSection
	GlobalSection(ExtensibilityGlobals) = postSolution
		SolutionGuid = {29B96BE6-7589-4F65-9847-61C864ADF7B3}
	EndGlobalSection
EndGlobal
